
Microsoft Visual Studio Solution File, Format Version 12.00
# Visual Studio Version 16
VisualStudioVersion = 25.0.1706.14
MinimumVisualStudioVersion = 10.0.40219.1
Project("{FAE04EC0-301F-11D3-BF4B-00C04F79EFBC}") = "DependencyInjApi", "DependencyInjApi.csproj", "{BC3CF476-4180-45DA-9800-8993DB56A418}"
EndProject
Global
	GlobalSection(SolutionConfigurationPlatforms) = preSolution
		Debug|Any CPU = Debug|Any CPU
		Release|Any CPU = Release|Any CPU
	EndGlobalSection
	GlobalSection(ProjectConfigurationPlatforms) = postSolution
		{BC3CF476-4180-45DA-9800-8993DB56A418}.Debug|Any CPU.ActiveCfg = Debug|Any CPU
		{BC3CF476-4180-45DA-9800-8993DB56A418}.Debug|Any CPU.Build.0 = Debug|Any CPU
		{BC3CF476-4180-45DA-9800-8993DB56A418}.Release|Any CPU.ActiveCfg = Release|Any CPU
		{BC3CF476-4180-45DA-9800-8993DB56A418}.Release|Any CPU.Build.0 = Release|Any CPU
	EndGlobalSection
	GlobalSection(SolutionProperties) = preSolution
		HideSolutionNode = FALSE
	EndGlobalSection
	GlobalSection(ExtensibilityGlobals) = postSolution
		SolutionGuid = {17E33241-8855-4ABA-9FAC-99F531090DB7}
	EndGlobalSection
EndGlobal
